# This file is automatically @generated by Poetry 1.7.1 and should not be changed by hand.

[[package]]
name = "clang-format"
version = "17.0.6"
description = "Clang-Format is an LLVM-based code formatting tool"
optional = false
python-versions = "*"
files = [
    {file = "clang-format-17.0.6.tar.gz", hash = "sha256:50f082840d2e013160355ed63add4502884344371dda5af12ec0abe68cbc5a36"},
    {file = "clang_format-17.0.6-py2.py3-none-macosx_10_9_x86_64.whl", hash = "sha256:2c7364a50c4fdb8ce9acc4e0c21627e52f4eebee98ff2d8a19b6d4302d0be23b"},
    {file = "clang_format-17.0.6-py2.py3-none-macosx_11_0_arm64.whl", hash = "sha256:195014a589fde9e2bec447ee1f2efd31f8c9f773b10aa66b510beae6997e6bc5"},
    {file = "clang_format-17.0.6-py2.py3-none-manylinux_2_17_aarch64.manylinux2014_aarch64.whl", hash = "sha256:5cda40badfb01818ece739509d9cde678fc02660180cc1a55156782ef203704d"},
    {file = "clang_format-17.0.6-py2.py3-none-manylinux_2_17_i686.manylinux2014_i686.whl", hash = "sha256:879e831c58a25a9b7527155032a6dc4758716ded69590911468a37629acb13d1"},
    {file = "clang_format-17.0.6-py2.py3-none-manylinux_2_17_ppc64le.manylinux2014_ppc64le.whl", hash = "sha256:393f896db6155d6b8401ebae40df1f9a8cdf15d494d13fb775657c9ec609b586"},
    {file = "clang_format-17.0.6-py2.py3-none-manylinux_2_17_s390x.manylinux2014_s390x.whl", hash = "sha256:ccb6f5ce90f24ed0bb314d041a8edcc94d1279c1469669d5855be004d9d6caff"},
    {file = "clang_format-17.0.6-py2.py3-none-manylinux_2_17_x86_64.manylinux2014_x86_64.whl", hash = "sha256:2a1323ca5322e0dead521223155fe2ae1ba81d50abab8e20aaac28f6a94f23b9"},
    {file = "clang_format-17.0.6-py2.py3-none-musllinux_1_1_aarch64.whl", hash = "sha256:5476f8fba40e4330a4704681386d78751ced0ecbd050bd0687817cca01d4e167"},
    {file = "clang_format-17.0.6-py2.py3-none-musllinux_1_1_i686.whl", hash = "sha256:a0f744b056cb1595efdb7d2b83a7d73370e506e17fcaa68cd884c2ed029ae0fd"},
    {file = "clang_format-17.0.6-py2.py3-none-musllinux_1_1_ppc64le.whl", hash = "sha256:2ddc8b6237520d26d78489e3bb876243d87c3629eb3cd40e1df0c8c6e355d949"},
    {file = "clang_format-17.0.6-py2.py3-none-musllinux_1_1_s390x.whl", hash = "sha256:afc29c4413b5f2f885347f4bdbb7fe81f595faeceafa640c9e67a2d9aa2c7134"},
    {file = "clang_format-17.0.6-py2.py3-none-musllinux_1_1_x86_64.whl", hash = "sha256:33c4f1975a6a0a76e5b85165c510c46ae1155f82477a5730e29799e43d78c83a"},
    {file = "clang_format-17.0.6-py2.py3-none-win32.whl", hash = "sha256:edd55b840fa6edcdafb1651c3c24c6ea8d911e73be30373e7e8e5741cb585464"},
    {file = "clang_format-17.0.6-py2.py3-none-win_amd64.whl", hash = "sha256:9407f0f4cb5a26b96af38bb2261f1c4015127f4d87ce46a61bb3a3c2a3d4f3cc"},
]

[[package]]
name = "pyside6"
version = "6.6.1"
description = "Python bindings for the Qt cross-platform application and UI framework"
optional = false
python-versions = "<3.13,>=3.8"
files = [
    {file = "PySide6-6.6.1-cp38-abi3-macosx_11_0_universal2.whl", hash = "sha256:3c348948fe3957b18164c9c7b8942fe065bdb39648b326f212bc114326679fa9"},
    {file = "PySide6-6.6.1-cp38-abi3-manylinux_2_28_x86_64.whl", hash = "sha256:0a67587c088cb80e90d4ce3023b02466ea858c93a6dc9c4e062b13314e03d464"},
    {file = "PySide6-6.6.1-cp38-abi3-manylinux_2_31_aarch64.whl", hash = "sha256:ed3822150f0d7a06b68bf4ceebe287515b5e8309bb256e9b49ae405afd062b18"},
    {file = "PySide6-6.6.1-cp38-abi3-win_amd64.whl", hash = "sha256:3593d605175e83e6952cf3b428ecc9c146af97effb36de921ecf3da2752de082"},
]

[package.dependencies]
PySide6-Addons = "6.6.1"
PySide6-Essentials = "6.6.1"
shiboken6 = "6.6.1"

[[package]]
name = "pyside6-addons"
version = "6.6.1"
description = "Python bindings for the Qt cross-platform application and UI framework (Addons)"
optional = false
python-versions = "<3.13,>=3.8"
files = [
    {file = "PySide6_Addons-6.6.1-cp38-abi3-macosx_11_0_universal2.whl", hash = "sha256:7cb7af1b050c40f7ac891b0e61c758c1923863173932f5b92dc47bdfb4158b42"},
    {file = "PySide6_Addons-6.6.1-cp38-abi3-manylinux_2_28_x86_64.whl", hash = "sha256:a0982da4033319667f9df5ed6fa8eff300a88216aec103a1fff6751a172b19a0"},
    {file = "PySide6_Addons-6.6.1-cp38-abi3-manylinux_2_31_aarch64.whl", hash = "sha256:5a63a8a943724ce5acd2df72e5ab04982b6906963278cbabb216656b9a26ee18"},
    {file = "PySide6_Addons-6.6.1-cp38-abi3-win_amd64.whl", hash = "sha256:a223575c81e9a13173136c044c3447e25f6d656b462b4d71fc3c6bd9c935a709"},
]

[package.dependencies]
PySide6-Essentials = "6.6.1"
shiboken6 = "6.6.1"

[[package]]
name = "pyside6-essentials"
version = "6.6.1"
description = "Python bindings for the Qt cross-platform application and UI framework (Essentials)"
optional = false
python-versions = "<3.13,>=3.8"
files = [
    {file = "PySide6_Essentials-6.6.1-cp38-abi3-macosx_11_0_universal2.whl", hash = "sha256:0c8917b15236956957178a8c9854641b12b11dad79ba0caf26147119164c30cf"},
    {file = "PySide6_Essentials-6.6.1-cp38-abi3-manylinux_2_28_x86_64.whl", hash = "sha256:c7185616083eab6f42eaed598d97d49fac4f60ae2e7415194140d54f58c2b42c"},
    {file = "PySide6_Essentials-6.6.1-cp38-abi3-manylinux_2_31_aarch64.whl", hash = "sha256:a383c3d60298392cfb621ec1a0cf24b4799321e6c5bbafc021d4cc8076ea1315"},
    {file = "PySide6_Essentials-6.6.1-cp38-abi3-win_amd64.whl", hash = "sha256:13da926e9e9ee3e26e3f66883a9d5e43726ddee70cdabddca02a07aa1ccf9484"},
]

[package.dependencies]
shiboken6 = "6.6.1"

[[package]]
name = "shiboken6"
version = "6.6.1"
description = "Python/C++ bindings helper module"
optional = false
python-versions = "<3.13,>=3.8"
files = [
    {file = "shiboken6-6.6.1-cp38-abi3-macosx_11_0_universal2.whl", hash = "sha256:d756fd1fa945b787e8eef142f2eb571da0b4c4dc2f2eec1a7c12a474a2cf84e4"},
    {file = "shiboken6-6.6.1-cp38-abi3-manylinux_2_28_x86_64.whl", hash = "sha256:fb102e4bc210006f0cdd0ce38e1aaaaf792bd871f02a2b3f01d07922c5cf4c59"},
    {file = "shiboken6-6.6.1-cp38-abi3-manylinux_2_31_aarch64.whl", hash = "sha256:a605960e72af5eef915991cee7eef4cc72f5cabe63b9ae1a955ceb3d3b0a00b9"},
    {file = "shiboken6-6.6.1-cp38-abi3-win_amd64.whl", hash = "sha256:072c35c4fe46ec13b364d9dc47b055bb2277ee3aeaab18c23650280ec362f62a"},
]

[[package]]
name = "stringcase"
version = "1.2.0"
description = "String case converter."
optional = false
python-versions = "*"
files = [
    {file = "stringcase-1.2.0.tar.gz", hash = "sha256:48a06980661908efe8d9d34eab2b6c13aefa2163b3ced26972902e3bdfd87008"},
]

[metadata]
lock-version = "2.0"
python-versions = ">=3.8,<3.13"
content-hash = "a02ea868fc178b630f0e0623efdfdd75c32ac6ec20c41104d3f6d1898fa5fa92"
